
Microsoft Visual Studio Solution File, Format Version 12.00
# Visual Studio Version 16
VisualStudioVersion = 16.0.31321.278
MinimumVisualStudioVersion = 10.0.40219.1
Project("{FAE04EC0-301F-11D3-BF4B-00C04F79EFBC}") = "Questionados", "Questionados.csproj", "{FC7D6B54-0044-407B-B62E-09A66D484D03}"
EndProject
Global
	GlobalSection(SolutionConfigurationPlatforms) = preSolution
		Debug|Any CPU = Debug|Any CPU
		Release|Any CPU = Release|Any CPU
	EndGlobalSection
	GlobalSection(ProjectConfigurationPlatforms) = postSolution
		{FC7D6B54-0044-407B-B62E-09A66D484D03}.Debug|Any CPU.ActiveCfg = Debug|Any CPU
		{FC7D6B54-0044-407B-B62E-09A66D484D03}.Debug|Any CPU.Build.0 = Debug|Any CPU
		{FC7D6B54-0044-407B-B62E-09A66D484D03}.Release|Any CPU.ActiveCfg = Release|Any CPU
		{FC7D6B54-0044-407B-B62E-09A66D484D03}.Release|Any CPU.Build.0 = Release|Any CPU
	EndGlobalSection
	GlobalSection(SolutionProperties) = preSolution
		HideSolutionNode = FALSE
	EndGlobalSection
	GlobalSection(ExtensibilityGlobals) = postSolution
		SolutionGuid = {55EFF6EA-B425-40FD-BD2D-A1C81C8BFD43}
	EndGlobalSection
EndGlobal
